
Microsoft Visual Studio Solution File, Format Version 12.00
# Visual Studio Version 17
VisualStudioVersion = 17.2.32526.322
MinimumVisualStudioVersion = 10.0.40219.1
Project("{9A19103F-16F7-4668-BE54-9A1E7A4F7556}") = "AthenicConsulting", "AthenicConsult\AthenicConsulting.csproj", "{F9AE09FB-B804-4666-AF77-2386A692CC0F}"
EndProject
Project("{2150E333-8FDC-42A3-9474-1A3956D46DE8}") = "src", "src", "{9B4AF91C-57A1-40B9-9FBC-AC6BB69545D7}"
EndProject
Project("{9A19103F-16F7-4668-BE54-9A1E7A4F7556}") = "AthenicConsulting.Core", "AthenicConsulting.Core\AthenicConsulting.Core.csproj", "{A1DE07CE-55C9-4482-BE4B-E4ED705AF35C}"
EndProject
Project("{9A19103F-16F7-4668-BE54-9A1E7A4F7556}") = "AthenicConsulting.Office", "AthenicConsulting.Office\AthenicConsulting.Office.csproj", "{E61B25BC-D988-4783-B178-6A9FD85705E0}"
EndProject
Project("{9A19103F-16F7-4668-BE54-9A1E7A4F7556}") = "AthenicConsulting.Identity", "AthenicConsulting.Identity\AthenicConsulting.Identity.csproj", "{C652FF0B-BD2C-4A86-A951-E6A51091B1CC}"
EndProject
Project("{9A19103F-16F7-4668-BE54-9A1E7A4F7556}") = "Athenic.Notifications", "Athenic.Notifications\Athenic.Notifications.csproj", "{B9858153-0311-44EB-84FE-D3F842C590C5}"
EndProject
Project("{9A19103F-16F7-4668-BE54-9A1E7A4F7556}") = "AthenicConsulting.Seeder", "AthenicConsulting.Seeder\AthenicConsulting.Seeder.csproj", "{8A9B17D3-A60F-4F01-AE09-15CB0498B6AB}"
EndProject
Global
	GlobalSection(SolutionConfigurationPlatforms) = preSolution
		Debug|Any CPU = Debug|Any CPU
		Release|Any CPU = Release|Any CPU
	EndGlobalSection
	GlobalSection(ProjectConfigurationPlatforms) = postSolution
		{F9AE09FB-B804-4666-AF77-2386A692CC0F}.Debug|Any CPU.ActiveCfg = Debug|Any CPU
		{F9AE09FB-B804-4666-AF77-2386A692CC0F}.Debug|Any CPU.Build.0 = Debug|Any CPU
		{F9AE09FB-B804-4666-AF77-2386A692CC0F}.Release|Any CPU.ActiveCfg = Release|Any CPU
		{F9AE09FB-B804-4666-AF77-2386A692CC0F}.Release|Any CPU.Build.0 = Release|Any CPU
		{A1DE07CE-55C9-4482-BE4B-E4ED705AF35C}.Debug|Any CPU.ActiveCfg = Debug|Any CPU
		{A1DE07CE-55C9-4482-BE4B-E4ED705AF35C}.Debug|Any CPU.Build.0 = Debug|Any CPU
		{A1DE07CE-55C9-4482-BE4B-E4ED705AF35C}.Release|Any CPU.ActiveCfg = Release|Any CPU
		{A1DE07CE-55C9-4482-BE4B-E4ED705AF35C}.Release|Any CPU.Build.0 = Release|Any CPU
		{E61B25BC-D988-4783-B178-6A9FD85705E0}.Debug|Any CPU.ActiveCfg = Debug|Any CPU
		{E61B25BC-D988-4783-B178-6A9FD85705E0}.Debug|Any CPU.Build.0 = Debug|Any CPU
		{E61B25BC-D988-4783-B178-6A9FD85705E0}.Release|Any CPU.ActiveCfg = Release|Any CPU
		{E61B25BC-D988-4783-B178-6A9FD85705E0}.Release|Any CPU.Build.0 = Release|Any CPU
		{C652FF0B-BD2C-4A86-A951-E6A51091B1CC}.Debug|Any CPU.ActiveCfg = Debug|Any CPU
		{C652FF0B-BD2C-4A86-A951-E6A51091B1CC}.Debug|Any CPU.Build.0 = Debug|Any CPU
		{C652FF0B-BD2C-4A86-A951-E6A51091B1CC}.Release|Any CPU.ActiveCfg = Release|Any CPU
		{C652FF0B-BD2C-4A86-A951-E6A51091B1CC}.Release|Any CPU.Build.0 = Release|Any CPU
		{B9858153-0311-44EB-84FE-D3F842C590C5}.Debug|Any CPU.ActiveCfg = Debug|Any CPU
		{B9858153-0311-44EB-84FE-D3F842C590C5}.Debug|Any CPU.Build.0 = Debug|Any CPU
		{B9858153-0311-44EB-84FE-D3F842C590C5}.Release|Any CPU.ActiveCfg = Release|Any CPU
		{B9858153-0311-44EB-84FE-D3F842C590C5}.Release|Any CPU.Build.0 = Release|Any CPU
		{8A9B17D3-A60F-4F01-AE09-15CB0498B6AB}.Debug|Any CPU.ActiveCfg = Debug|Any CPU
		{8A9B17D3-A60F-4F01-AE09-15CB0498B6AB}.Debug|Any CPU.Build.0 = Debug|Any CPU
		{8A9B17D3-A60F-4F01-AE09-15CB0498B6AB}.Release|Any CPU.ActiveCfg = Release|Any CPU
		{8A9B17D3-A60F-4F01-AE09-15CB0498B6AB}.Release|Any CPU.Build.0 = Release|Any CPU
	EndGlobalSection
	GlobalSection(SolutionProperties) = preSolution
		HideSolutionNode = FALSE
	EndGlobalSection
	GlobalSection(NestedProjects) = preSolution
		{F9AE09FB-B804-4666-AF77-2386A692CC0F} = {9B4AF91C-57A1-40B9-9FBC-AC6BB69545D7}
		{A1DE07CE-55C9-4482-BE4B-E4ED705AF35C} = {9B4AF91C-57A1-40B9-9FBC-AC6BB69545D7}
		{E61B25BC-D988-4783-B178-6A9FD85705E0} = {9B4AF91C-57A1-40B9-9FBC-AC6BB69545D7}
		{C652FF0B-BD2C-4A86-A951-E6A51091B1CC} = {9B4AF91C-57A1-40B9-9FBC-AC6BB69545D7}
		{B9858153-0311-44EB-84FE-D3F842C590C5} = {9B4AF91C-57A1-40B9-9FBC-AC6BB69545D7}
		{8A9B17D3-A60F-4F01-AE09-15CB0498B6AB} = {9B4AF91C-57A1-40B9-9FBC-AC6BB69545D7}
	EndGlobalSection
	GlobalSection(ExtensibilityGlobals) = postSolution
		SolutionGuid = {D4F3A7F8-D79C-43DE-8FC2-8B1F183B54EA}
	EndGlobalSection
EndGlobal
